# THIS IS AN AUTOGENERATED FILE. DO NOT EDIT THIS FILE DIRECTLY.
# yarn lockfile v1


"@types/node@12.20.4":
  version "12.20.4"
  resolved "https://registry.yarnpkg.com/@types/node/-/node-12.20.4.tgz#73687043dd00fcb6962c60fbf499553a24d6bdf2"
  integrity sha512-xRCgeE0Q4pT5UZ189TJ3SpYuX/QGl6QIAOAIeDSbAVAd2gX1NxSZup4jNVK7cxIeP8KDSbJgcckun495isP1jQ==

fetch-ponyfill@^7.1.0:
  version "7.1.0"
  resolved "https://registry.yarnpkg.com/fetch-ponyfill/-/fetch-ponyfill-7.1.0.tgz#4266ed48b4e64663a50ab7f7fcb8e76f990526d0"
  integrity sha512-FhbbL55dj/qdVO3YNK7ZEkshvj3eQ7EuIGV2I6ic/2YiocvyWv+7jg2s4AyS0wdRU75s3tA8ZxI/xPigb0v5Aw==
  dependencies:
    node-fetch "~2.6.1"

node-fetch@~2.6.1:
  version "2.6.1"
  resolved "https://registry.yarnpkg.com/node-fetch/-/node-fetch-2.6.1.tgz#045bd323631f76ed2e2b55573394416b639a0052"
  integrity sha512-V4aYg89jEoVRxRb2fJdAg8FHvI7cEyYdVAh94HH0UIK8oJxUfkjlDQN9RbMx+bEjP7+ggMiFRprSti032Oipxw==

typescript@4.2.2:
  version "4.2.2"
  resolved "https://registry.yarnpkg.com/typescript/-/typescript-4.2.2.tgz#1450f020618f872db0ea17317d16d8da8ddb8c4c"
  integrity sha512-tbb+NVrLfnsJy3M59lsDgrzWIflR4d4TIUjz+heUnHZwdF7YsrMTKoRERiIvI2lvBG95dfpLxB21WZhys1bgaQ==
